{
  "name": "ajsnew",
  "version": "1.0.0",
  "lockfileVersion": 2,
  "requires": true,
  "packages": {
    "": {
      "name": "ajsnew",
      "version": "1.0.0",
      "license": "ISC",
      "dependencies": {
        "@alexkonovalov12/ajs": "^1.1.0"
      }
    },
    "node_modules/@alexkonovalov12/ajs": {
      "version": "1.1.0",
      "resolved": "https://npm.pkg.github.com/download/@alexkonovalov12/ajs/1.1.0/0ef68a7e10643ea8ceef162e2c263e7c2b8bbcfa",
      "integrity": "sha512-AJCFZu88PiLPKy9Hs55U9Pac5HF+On2cjZQyZRvzOFPoxLBEA7RwIa3bjji5x2QCq6k1NblX1rO6tZFVlAxiyA==",
      "license": "ISC"
    }
  },
  "dependencies": {
    "@alexkonovalov12/ajs": {
      "version": "1.1.0",
      "resolved": "https://npm.pkg.github.com/download/@alexkonovalov12/ajs/1.1.0/0ef68a7e10643ea8ceef162e2c263e7c2b8bbcfa",
      "integrity": "sha512-AJCFZu88PiLPKy9Hs55U9Pac5HF+On2cjZQyZRvzOFPoxLBEA7RwIa3bjji5x2QCq6k1NblX1rO6tZFVlAxiyA=="
    }
  }
}
