{
  "name": "ajsnew",
  "version": "1.0.0",
  "lockfileVersion": 2,
  "requires": true,
  "packages": {
    "": {
      "name": "ajsnew",
      "version": "1.0.0",
      "license": "ISC",
      "dependencies": {
        "@alexkonovalov12/ajs": "^2.0.0"
      }
    },
    "node_modules/@alexkonovalov12/ajs": {
      "version": "2.0.0",
      "resolved": "https://npm.pkg.github.com/download/@alexkonovalov12/ajs/2.0.0/ba0a2e4122be831ae70adda161d3fb9c978f6b64",
      "integrity": "sha512-mZXc13qpPZOP+TB11IU5LPhar3pN2vrwTIH3wTMnt8fm51Yct6DY/WppBKRMxLKEvhzBVwpeLk0kl4ASw82AJQ==",
      "license": "ISC"
    }
  },
  "dependencies": {
    "@alexkonovalov12/ajs": {
      "version": "2.0.0",
      "resolved": "https://npm.pkg.github.com/download/@alexkonovalov12/ajs/2.0.0/ba0a2e4122be831ae70adda161d3fb9c978f6b64",
      "integrity": "sha512-mZXc13qpPZOP+TB11IU5LPhar3pN2vrwTIH3wTMnt8fm51Yct6DY/WppBKRMxLKEvhzBVwpeLk0kl4ASw82AJQ=="
    }
  }
}
